
Microsoft Visual Studio Solution File, Format Version 12.00
# Visual Studio Version 16
VisualStudioVersion = 16.0.29613.14
MinimumVisualStudioVersion = 10.0.40219.1
Project("{9A19103F-16F7-4668-BE54-9A1E7A4F7556}") = "OdataClientGrandNode", "OdataClientGrandNode\OdataClientGrandNode.csproj", "{ECA38E1A-B749-4297-AE74-58BCEE7F3B0F}"
EndProject
Global
	GlobalSection(SolutionConfigurationPlatforms) = preSolution
		Debug|Any CPU = Debug|Any CPU
		Release|Any CPU = Release|Any CPU
	EndGlobalSection
	GlobalSection(ProjectConfigurationPlatforms) = postSolution
		{ECA38E1A-B749-4297-AE74-58BCEE7F3B0F}.Debug|Any CPU.ActiveCfg = Debug|Any CPU
		{ECA38E1A-B749-4297-AE74-58BCEE7F3B0F}.Debug|Any CPU.Build.0 = Debug|Any CPU
		{ECA38E1A-B749-4297-AE74-58BCEE7F3B0F}.Release|Any CPU.ActiveCfg = Release|Any CPU
		{ECA38E1A-B749-4297-AE74-58BCEE7F3B0F}.Release|Any CPU.Build.0 = Release|Any CPU
	EndGlobalSection
	GlobalSection(SolutionProperties) = preSolution
		HideSolutionNode = FALSE
	EndGlobalSection
	GlobalSection(ExtensibilityGlobals) = postSolution
		SolutionGuid = {D4D98A99-34A2-42ED-BD22-984FDB3E5B56}
	EndGlobalSection
EndGlobal
